// !$*UTF8*$!
{
	archiveVersion = 1;
	classes = {
	};
	objectVersion = 46;
	objects = {

/* Begin PBXBuildFile section */
		08251C831EC1E570002D23C5 /* Movie.swift in Sources */ = {isa = PBXBuildFile; fileRef = 08251C821EC1E570002D23C5 /* Movie.swift */; };
		084FA6D61EC1C76C00208CF7 /* AppDelegate.swift in Sources */ = {isa = PBXBuildFile; fileRef = 084FA6D51EC1C76C00208CF7 /* AppDelegate.swift */; };
		084FA6D81EC1C76C00208CF7 /* ViewController.swift in Sources */ = {isa = PBXBuildFile; fileRef = 084FA6D71EC1C76C00208CF7 /* ViewController.swift */; };
		084FA6DB1EC1C76C00208CF7 /* Main.storyboard in Resources */ = {isa = PBXBuildFile; fileRef = 084FA6D91EC1C76C00208CF7 /* Main.storyboard */; };
		084FA6DD1EC1C76C00208CF7 /* Assets.xcassets in Resources */ = {isa = PBXBuildFile; fileRef = 084FA6DC1EC1C76C00208CF7 /* Assets.xcassets */; };
		084FA6E01EC1C76C00208CF7 /* LaunchScreen.storyboard in Resources */ = {isa = PBXBuildFile; fileRef = 084FA6DE1EC1C76C00208CF7 /* LaunchScreen.storyboard */; };
		08931B1D1EC1FB5E00B7DA7E /* DataModel.swift in Sources */ = {isa = PBXBuildFile; fileRef = 08931B1C1EC1FB5E00B7DA7E /* DataModel.swift */; };
		08A226091ED4343500F1B8E2 /* MovieTableViewCell.swift in Sources */ = {isa = PBXBuildFile; fileRef = 08A226081ED4343500F1B8E2 /* MovieTableViewCell.swift */; };
		08A2260B1ED4343E00F1B8E2 /* GenreTableViewCell.swift in Sources */ = {isa = PBXBuildFile; fileRef = 08A2260A1ED4343E00F1B8E2 /* GenreTableViewCell.swift */; };
		08A2260D1ED4345000F1B8E2 /* GenreTableViewController.swift in Sources */ = {isa = PBXBuildFile; fileRef = 08A2260C1ED4345000F1B8E2 /* GenreTableViewController.swift */; };
		08A2260F1ED4345900F1B8E2 /* MoviesTableViewController.swift in Sources */ = {isa = PBXBuildFile; fileRef = 08A2260E1ED4345900F1B8E2 /* MoviesTableViewController.swift */; };
		08DBB2011ECDA5AE00A08925 /* MovieModel.swift in Sources */ = {isa = PBXBuildFile; fileRef = 08DBB2001ECDA5AE00A08925 /* MovieModel.swift */; };
		678F14A856C389C3515E8D6E /* Pods_MovieNight.framework in Frameworks */ = {isa = PBXBuildFile; fileRef = 0C794C79DB31CEB28277EF56 /* Pods_MovieNight.framework */; };
/* End PBXBuildFile section */

/* Begin PBXFileReference section */
		08251C821EC1E570002D23C5 /* Movie.swift */ = {isa = PBXFileReference; fileEncoding = 4; lastKnownFileType = sourcecode.swift; path = Movie.swift; sourceTree = "<group>"; };
		084FA6D21EC1C76C00208CF7 /* MovieNight.app */ = {isa = PBXFileReference; explicitFileType = wrapper.application; includeInIndex = 0; path = MovieNight.app; sourceTree = BUILT_PRODUCTS_DIR; };
		084FA6D51EC1C76C00208CF7 /* AppDelegate.swift */ = {isa = PBXFileReference; lastKnownFileType = sourcecode.swift; path = AppDelegate.swift; sourceTree = "<group>"; };
		084FA6D71EC1C76C00208CF7 /* ViewController.swift */ = {isa = PBXFileReference; lastKnownFileType = sourcecode.swift; path = ViewController.swift; sourceTree = "<group>"; };
		084FA6DA1EC1C76C00208CF7 /* Base */ = {isa = PBXFileReference; lastKnownFileType = file.storyboard; name = Base; path = Base.lproj/Main.storyboard; sourceTree = "<group>"; };
		084FA6DC1EC1C76C00208CF7 /* Assets.xcassets */ = {isa = PBXFileReference; lastKnownFileType = folder.assetcatalog; path = Assets.xcassets; sourceTree = "<group>"; };
		084FA6DF1EC1C76C00208CF7 /* Base */ = {isa = PBXFileReference; lastKnownFileType = file.storyboard; name = Base; path = Base.lproj/LaunchScreen.storyboard; sourceTree = "<group>"; };
		084FA6E11EC1C76C00208CF7 /* Info.plist */ = {isa = PBXFileReference; lastKnownFileType = text.plist.xml; path = Info.plist; sourceTree = "<group>"; };
		08931B1C1EC1FB5E00B7DA7E /* DataModel.swift */ = {isa = PBXFileReference; fileEncoding = 4; lastKnownFileType = sourcecode.swift; path = DataModel.swift; sourceTree = "<group>"; };
		08A226081ED4343500F1B8E2 /* MovieTableViewCell.swift */ = {isa = PBXFileReference; fileEncoding = 4; lastKnownFileType = sourcecode.swift; path = MovieTableViewCell.swift; sourceTree = "<group>"; };
		08A2260A1ED4343E00F1B8E2 /* GenreTableViewCell.swift */ = {isa = PBXFileReference; fileEncoding = 4; lastKnownFileType = sourcecode.swift; path = GenreTableViewCell.swift; sourceTree = "<group>"; };
		08A2260C1ED4345000F1B8E2 /* GenreTableViewController.swift */ = {isa = PBXFileReference; fileEncoding = 4; lastKnownFileType = sourcecode.swift; path = GenreTableViewController.swift; sourceTree = "<group>"; };
		08A2260E1ED4345900F1B8E2 /* MoviesTableViewController.swift */ = {isa = PBXFileReference; fileEncoding = 4; lastKnownFileType = sourcecode.swift; path = MoviesTableViewController.swift; sourceTree = "<group>"; };
		08DBB2001ECDA5AE00A08925 /* MovieModel.swift */ = {isa = PBXFileReference; fileEncoding = 4; lastKnownFileType = sourcecode.swift; path = MovieModel.swift; sourceTree = "<group>"; };
		0C794C79DB31CEB28277EF56 /* Pods_MovieNight.framework */ = {isa = PBXFileReference; explicitFileType = wrapper.framework; includeInIndex = 0; path = Pods_MovieNight.framework; sourceTree = BUILT_PRODUCTS_DIR; };
		321E2959598777BDE7AA28EF /* Pods-MovieNight.release.xcconfig */ = {isa = PBXFileReference; includeInIndex = 1; lastKnownFileType = text.xcconfig; name = "Pods-MovieNight.release.xcconfig"; path = "Pods/Target Support Files/Pods-MovieNight/Pods-MovieNight.release.xcconfig"; sourceTree = "<group>"; };
		851CA09237E09CB945EF7712 /* Pods-MovieNight.debug.xcconfig */ = {isa = PBXFileReference; includeInIndex = 1; lastKnownFileType = text.xcconfig; name = "Pods-MovieNight.debug.xcconfig"; path = "Pods/Target Support Files/Pods-MovieNight/Pods-MovieNight.debug.xcconfig"; sourceTree = "<group>"; };
/* End PBXFileReference section */

/* Begin PBXFrameworksBuildPhase section */
		084FA6CF1EC1C76C00208CF7 /* Frameworks */ = {
			isa = PBXFrameworksBuildPhase;
			buildActionMask = 2147483647;
			files = (
				678F14A856C389C3515E8D6E /* Pods_MovieNight.framework in Frameworks */,
			);
			runOnlyForDeploymentPostprocessing = 0;
		};
/* End PBXFrameworksBuildPhase section */

/* Begin PBXGroup section */
		084FA6C91EC1C76C00208CF7 = {
			isa = PBXGroup;
			children = (
				084FA6D41EC1C76C00208CF7 /* MovieNight */,
				084FA6D31EC1C76C00208CF7 /* Products */,
				B2D00C380732B5F33B4C88EA /* Pods */,
				634C470AADBC63D2735F81D4 /* Frameworks */,
			);
			sourceTree = "<group>";
		};
		084FA6D31EC1C76C00208CF7 /* Products */ = {
			isa = PBXGroup;
			children = (
				084FA6D21EC1C76C00208CF7 /* MovieNight.app */,
			);
			name = Products;
			sourceTree = "<group>";
		};
		084FA6D41EC1C76C00208CF7 /* MovieNight */ = {
			isa = PBXGroup;
			children = (
				08A226071ED4341B00F1B8E2 /* Table View files */,
				08DBB1FD1ECDA57F00A08925 /* Data Model */,
				08DBB1FC1ECDA57100A08925 /* Classes */,
				08DBB1FA1ECDA54700A08925 /* UI */,
				08DBB1FB1ECDA55B00A08925 /* Helper files */,
			);
			path = MovieNight;
			sourceTree = "<group>";
		};
		08A226071ED4341B00F1B8E2 /* Table View files */ = {
			isa = PBXGroup;
			children = (
				08A226081ED4343500F1B8E2 /* MovieTableViewCell.swift */,
				08A2260A1ED4343E00F1B8E2 /* GenreTableViewCell.swift */,
				08A2260C1ED4345000F1B8E2 /* GenreTableViewController.swift */,
				08A2260E1ED4345900F1B8E2 /* MoviesTableViewController.swift */,
			);
			name = "Table View files";
			sourceTree = "<group>";
		};
		08DBB1FA1ECDA54700A08925 /* UI */ = {
			isa = PBXGroup;
			children = (
				084FA6DC1EC1C76C00208CF7 /* Assets.xcassets */,
				084FA6D91EC1C76C00208CF7 /* Main.storyboard */,
				084FA6DE1EC1C76C00208CF7 /* LaunchScreen.storyboard */,
			);
			name = UI;
			sourceTree = "<group>";
		};
		08DBB1FB1ECDA55B00A08925 /* Helper files */ = {
			isa = PBXGroup;
			children = (
				084FA6D51EC1C76C00208CF7 /* AppDelegate.swift */,
				084FA6E11EC1C76C00208CF7 /* Info.plist */,
			);
			name = "Helper files";
			sourceTree = "<group>";
		};
		08DBB1FC1ECDA57100A08925 /* Classes */ = {
			isa = PBXGroup;
			children = (
				084FA6D71EC1C76C00208CF7 /* ViewController.swift */,
				08251C821EC1E570002D23C5 /* Movie.swift */,
			);
			name = Classes;
			sourceTree = "<group>";
		};
		08DBB1FD1ECDA57F00A08925 /* Data Model */ = {
			isa = PBXGroup;
			children = (
				08931B1C1EC1FB5E00B7DA7E /* DataModel.swift */,
				08DBB2001ECDA5AE00A08925 /* MovieModel.swift */,
			);
			name = "Data Model";
			sourceTree = "<group>";
		};
		634C470AADBC63D2735F81D4 /* Frameworks */ = {
			isa = PBXGroup;
			children = (
				0C794C79DB31CEB28277EF56 /* Pods_MovieNight.framework */,
			);
			name = Frameworks;
			sourceTree = "<group>";
		};
		B2D00C380732B5F33B4C88EA /* Pods */ = {
			isa = PBXGroup;
			children = (
				851CA09237E09CB945EF7712 /* Pods-MovieNight.debug.xcconfig */,
				321E2959598777BDE7AA28EF /* Pods-MovieNight.release.xcconfig */,
			);
			name = Pods;
			sourceTree = "<group>";
		};
/* End PBXGroup section */

/* Begin PBXNativeTarget section */
		084FA6D11EC1C76C00208CF7 /* MovieNight */ = {
			isa = PBXNativeTarget;
			buildConfigurationList = 084FA6E41EC1C76C00208CF7 /* Build configuration list for PBXNativeTarget "MovieNight" */;
			buildPhases = (
				D33C0328B43264C215EEA824 /* [CP] Check Pods Manifest.lock */,
				084FA6CE1EC1C76C00208CF7 /* Sources */,
				084FA6CF1EC1C76C00208CF7 /* Frameworks */,
				084FA6D01EC1C76C00208CF7 /* Resources */,
				3297A0AFDE05CB71878A2EA1 /* [CP] Embed Pods Frameworks */,
				24ADBAA731A7C388628EF4C4 /* [CP] Copy Pods Resources */,
			);
			buildRules = (
			);
			dependencies = (
			);
			name = MovieNight;
			productName = MovieNight;
			productReference = 084FA6D21EC1C76C00208CF7 /* MovieNight.app */;
			productType = "com.apple.product-type.application";
		};
/* End PBXNativeTarget section */

/* Begin PBXProject section */
		084FA6CA1EC1C76C00208CF7 /* Project object */ = {
			isa = PBXProject;
			attributes = {
				LastSwiftUpdateCheck = 0830;
				LastUpgradeCheck = 0900;
				ORGANIZATIONNAME = JarICT;
				TargetAttributes = {
					084FA6D11EC1C76C00208CF7 = {
						CreatedOnToolsVersion = 8.3.2;
						DevelopmentTeam = CH45DPWU9R;
						ProvisioningStyle = Automatic;
					};
				};
			};
			buildConfigurationList = 084FA6CD1EC1C76C00208CF7 /* Build configuration list for PBXProject "MovieNight" */;
			compatibilityVersion = "Xcode 3.2";
			developmentRegion = English;
			hasScannedForEncodings = 0;
			knownRegions = (
				en,
				Base,
			);
			mainGroup = 084FA6C91EC1C76C00208CF7;
			productRefGroup = 084FA6D31EC1C76C00208CF7 /* Products */;
			projectDirPath = "";
			projectRoot = "";
			targets = (
				084FA6D11EC1C76C00208CF7 /* MovieNight */,
			);
		};
/* End PBXProject section */

/* Begin PBXResourcesBuildPhase section */
		084FA6D01EC1C76C00208CF7 /* Resources */ = {
			isa = PBXResourcesBuildPhase;
			buildActionMask = 2147483647;
			files = (
				084FA6E01EC1C76C00208CF7 /* LaunchScreen.storyboard in Resources */,
				084FA6DD1EC1C76C00208CF7 /* Assets.xcassets in Resources */,
				084FA6DB1EC1C76C00208CF7 /* Main.storyboard in Resources */,
			);
			runOnlyForDeploymentPostprocessing = 0;
		};
/* End PBXResourcesBuildPhase section */

/* Begin PBXShellScriptBuildPhase section */
		24ADBAA731A7C388628EF4C4 /* [CP] Copy Pods Resources */ = {
			isa = PBXShellScriptBuildPhase;
			buildActionMask = 2147483647;
			files = (
			);
			inputPaths = (
			);
			name = "[CP] Copy Pods Resources";
			outputPaths = (
			);
			runOnlyForDeploymentPostprocessing = 0;
			shellPath = /bin/sh;
			shellScript = "\"${SRCROOT}/Pods/Target Support Files/Pods-MovieNight/Pods-MovieNight-resources.sh\"\n";
			showEnvVarsInLog = 0;
		};
		3297A0AFDE05CB71878A2EA1 /* [CP] Embed Pods Frameworks */ = {
			isa = PBXShellScriptBuildPhase;
			buildActionMask = 2147483647;
			files = (
			);
			inputPaths = (
			);
			name = "[CP] Embed Pods Frameworks";
			outputPaths = (
			);
			runOnlyForDeploymentPostprocessing = 0;
			shellPath = /bin/sh;
			shellScript = "\"${SRCROOT}/Pods/Target Support Files/Pods-MovieNight/Pods-MovieNight-frameworks.sh\"\n";
			showEnvVarsInLog = 0;
		};
		D33C0328B43264C215EEA824 /* [CP] Check Pods Manifest.lock */ = {
			isa = PBXShellScriptBuildPhase;
			buildActionMask = 2147483647;
			files = (
			);
			inputPaths = (
			);
			name = "[CP] Check Pods Manifest.lock";
			outputPaths = (
			);
			runOnlyForDeploymentPostprocessing = 0;
			shellPath = /bin/sh;
			shellScript = "diff \"${PODS_ROOT}/../Podfile.lock\" \"${PODS_ROOT}/Manifest.lock\" > /dev/null\nif [ $? != 0 ] ; then\n    # print error to STDERR\n    echo \"error: The sandbox is not in sync with the Podfile.lock. Run 'pod install' or update your CocoaPods installation.\" >&2\n    exit 1\nfi\n";
			showEnvVarsInLog = 0;
		};
/* End PBXShellScriptBuildPhase section */

/* Begin PBXSourcesBuildPhase section */
		084FA6CE1EC1C76C00208CF7 /* Sources */ = {
			isa = PBXSourcesBuildPhase;
			buildActionMask = 2147483647;
			files = (
				084FA6D81EC1C76C00208CF7 /* ViewController.swift in Sources */,
				08A2260D1ED4345000F1B8E2 /* GenreTableViewController.swift in Sources */,
				08931B1D1EC1FB5E00B7DA7E /* DataModel.swift in Sources */,
				08A226091ED4343500F1B8E2 /* MovieTableViewCell.swift in Sources */,
				08DBB2011ECDA5AE00A08925 /* MovieModel.swift in Sources */,
				084FA6D61EC1C76C00208CF7 /* AppDelegate.swift in Sources */,
				08A2260F1ED4345900F1B8E2 /* MoviesTableViewController.swift in Sources */,
				08A2260B1ED4343E00F1B8E2 /* GenreTableViewCell.swift in Sources */,
				08251C831EC1E570002D23C5 /* Movie.swift in Sources */,
			);
			runOnlyForDeploymentPostprocessing = 0;
		};
/* End PBXSourcesBuildPhase section */

/* Begin PBXVariantGroup section */
		084FA6D91EC1C76C00208CF7 /* Main.storyboard */ = {
			isa = PBXVariantGroup;
			children = (
				084FA6DA1EC1C76C00208CF7 /* Base */,
			);
			name = Main.storyboard;
			sourceTree = "<group>";
		};
		084FA6DE1EC1C76C00208CF7 /* LaunchScreen.storyboard */ = {
			isa = PBXVariantGroup;
			children = (
				084FA6DF1EC1C76C00208CF7 /* Base */,
			);
			name = LaunchScreen.storyboard;
			sourceTree = "<group>";
		};
/* End PBXVariantGroup section */

/* Begin XCBuildConfiguration section */
		084FA6E21EC1C76C00208CF7 /* Debug */ = {
			isa = XCBuildConfiguration;
			buildSettings = {
				ALWAYS_SEARCH_USER_PATHS = NO;
				CLANG_ANALYZER_NONNULL = YES;
				CLANG_ANALYZER_NUMBER_OBJECT_CONVERSION = YES_AGGRESSIVE;
				CLANG_CXX_LANGUAGE_STANDARD = "gnu++0x";
				CLANG_CXX_LIBRARY = "libc++";
				CLANG_ENABLE_MODULES = YES;
				CLANG_ENABLE_OBJC_ARC = YES;
				CLANG_WARN_BLOCK_CAPTURE_AUTORELEASING = YES;
				CLANG_WARN_BOOL_CONVERSION = YES;
				CLANG_WARN_COMMA = YES;
				CLANG_WARN_CONSTANT_CONVERSION = YES;
				CLANG_WARN_DIRECT_OBJC_ISA_USAGE = YES_ERROR;
				CLANG_WARN_DOCUMENTATION_COMMENTS = YES;
				CLANG_WARN_EMPTY_BODY = YES;
				CLANG_WARN_ENUM_CONVERSION = YES;
				CLANG_WARN_INFINITE_RECURSION = YES;
				CLANG_WARN_INT_CONVERSION = YES;
				CLANG_WARN_NON_LITERAL_NULL_CONVERSION = YES;
				CLANG_WARN_OBJC_LITERAL_CONVERSION = YES;
				CLANG_WARN_OBJC_ROOT_CLASS = YES_ERROR;
				CLANG_WARN_RANGE_LOOP_ANALYSIS = YES;
				CLANG_WARN_STRICT_PROTOTYPES = YES;
				CLANG_WARN_SUSPICIOUS_MOVE = YES;
				CLANG_WARN_UNREACHABLE_CODE = YES;
				CLANG_WARN__DUPLICATE_METHOD_MATCH = YES;
				"CODE_SIGN_IDENTITY[sdk=iphoneos*]" = "iPhone Developer";
				COPY_PHASE_STRIP = NO;
				DEBUG_INFORMATION_FORMAT = dwarf;
				ENABLE_STRICT_OBJC_MSGSEND = YES;
				ENABLE_TESTABILITY = YES;
				GCC_C_LANGUAGE_STANDARD = gnu99;
				GCC_DYNAMIC_NO_PIC = NO;
				GCC_NO_COMMON_BLOCKS = YES;
				GCC_OPTIMIZATION_LEVEL = 0;
				GCC_PREPROCESSOR_DEFINITIONS = (
					"DEBUG=1",
					"$(inherited)",
				);
				GCC_WARN_64_TO_32_BIT_CONVERSION = YES;
				GCC_WARN_ABOUT_RETURN_TYPE = YES_ERROR;
				GCC_WARN_UNDECLARED_SELECTOR = YES;
				GCC_WARN_UNINITIALIZED_AUTOS = YES_AGGRESSIVE;
				GCC_WARN_UNUSED_FUNCTION = YES;
				GCC_WARN_UNUSED_VARIABLE = YES;
				IPHONEOS_DEPLOYMENT_TARGET = 11.0;
				MTL_ENABLE_DEBUG_INFO = YES;
				ONLY_ACTIVE_ARCH = YES;
				SDKROOT = iphoneos;
				SWIFT_ACTIVE_COMPILATION_CONDITIONS = DEBUG;
				SWIFT_OPTIMIZATION_LEVEL = "-Onone";
				SWIFT_VERSION = 4.0;
			};
			name = Debug;
		};
		084FA6E31EC1C76C00208CF7 /* Release */ = {
			isa = XCBuildConfiguration;
			buildSettings = {
				ALWAYS_SEARCH_USER_PATHS = NO;
				CLANG_ANALYZER_NONNULL = YES;
				CLANG_ANALYZER_NUMBER_OBJECT_CONVERSION = YES_AGGRESSIVE;
				CLANG_CXX_LANGUAGE_STANDARD = "gnu++0x";
				CLANG_CXX_LIBRARY = "libc++";
				CLANG_ENABLE_MODULES = YES;
				CLANG_ENABLE_OBJC_ARC = YES;
				CLANG_WARN_BLOCK_CAPTURE_AUTORELEASING = YES;
				CLANG_WARN_BOOL_CONVERSION = YES;
				CLANG_WARN_COMMA = YES;
				CLANG_WARN_CONSTANT_CONVERSION = YES;
				CLANG_WARN_DIRECT_OBJC_ISA_USAGE = YES_ERROR;
				CLANG_WARN_DOCUMENTATION_COMMENTS = YES;
				CLANG_WARN_EMPTY_BODY = YES;
				CLANG_WARN_ENUM_CONVERSION = YES;
				CLANG_WARN_INFINITE_RECURSION = YES;
				CLANG_WARN_INT_CONVERSION = YES;
				CLANG_WARN_NON_LITERAL_NULL_CONVERSION = YES;
				CLANG_WARN_OBJC_LITERAL_CONVERSION = YES;
				CLANG_WARN_OBJC_ROOT_CLASS = YES_ERROR;
				CLANG_WARN_RANGE_LOOP_ANALYSIS = YES;
				CLANG_WARN_STRICT_PROTOTYPES = YES;
				CLANG_WARN_SUSPICIOUS_MOVE = YES;
				CLANG_WARN_UNREACHABLE_CODE = YES;
				CLANG_WARN__DUPLICATE_METHOD_MATCH = YES;
				"CODE_SIGN_IDENTITY[sdk=iphoneos*]" = "iPhone Developer";
				COPY_PHASE_STRIP = NO;
				DEBUG_INFORMATION_FORMAT = "dwarf-with-dsym";
				ENABLE_NS_ASSERTIONS = NO;
				ENABLE_STRICT_OBJC_MSGSEND = YES;
				GCC_C_LANGUAGE_STANDARD = gnu99;
				GCC_NO_COMMON_BLOCKS = YES;
				GCC_WARN_64_TO_32_BIT_CONVERSION = YES;
				GCC_WARN_ABOUT_RETURN_TYPE = YES_ERROR;
				GCC_WARN_UNDECLARED_SELECTOR = YES;
				GCC_WARN_UNINITIALIZED_AUTOS = YES_AGGRESSIVE;
				GCC_WARN_UNUSED_FUNCTION = YES;
				GCC_WARN_UNUSED_VARIABLE = YES;
				IPHONEOS_DEPLOYMENT_TARGET = 11.0;
				MTL_ENABLE_DEBUG_INFO = NO;
				SDKROOT = iphoneos;
				SWIFT_OPTIMIZATION_LEVEL = "-Owholemodule";
				SWIFT_VERSION = 4.0;
				VALIDATE_PRODUCT = YES;
			};
			name = Release;
		};
		084FA6E51EC1C76C00208CF7 /* Debug */ = {
			isa = XCBuildConfiguration;
			baseConfigurationReference = 851CA09237E09CB945EF7712 /* Pods-MovieNight.debug.xcconfig */;
			buildSettings = {
				ALWAYS_EMBED_SWIFT_STANDARD_LIBRARIES = YES;
				ASSETCATALOG_COMPILER_APPICON_NAME = AppIcon;
				DEVELOPMENT_TEAM = CH45DPWU9R;
				INFOPLIST_FILE = MovieNight/Info.plist;
				LD_RUNPATH_SEARCH_PATHS = "$(inherited) @executable_path/Frameworks";
				PRODUCT_BUNDLE_IDENTIFIER = nl.jarict.MovieNight;
				PRODUCT_NAME = "$(TARGET_NAME)";
				SWIFT_VERSION = 3.0;
			};
			name = Debug;
		};
		084FA6E61EC1C76C00208CF7 /* Release */ = {
			isa = XCBuildConfiguration;
			baseConfigurationReference = 321E2959598777BDE7AA28EF /* Pods-MovieNight.release.xcconfig */;
			buildSettings = {
				ALWAYS_EMBED_SWIFT_STANDARD_LIBRARIES = YES;
				ASSETCATALOG_COMPILER_APPICON_NAME = AppIcon;
				DEVELOPMENT_TEAM = CH45DPWU9R;
				INFOPLIST_FILE = MovieNight/Info.plist;
				LD_RUNPATH_SEARCH_PATHS = "$(inherited) @executable_path/Frameworks";
				PRODUCT_BUNDLE_IDENTIFIER = nl.jarict.MovieNight;
				PRODUCT_NAME = "$(TARGET_NAME)";
				SWIFT_VERSION = 3.0;
			};
			name = Release;
		};
/* End XCBuildConfiguration section */

/* Begin XCConfigurationList section */
		084FA6CD1EC1C76C00208CF7 /* Build configuration list for PBXProject "MovieNight" */ = {
			isa = XCConfigurationList;
			buildConfigurations = (
				084FA6E21EC1C76C00208CF7 /* Debug */,
				084FA6E31EC1C76C00208CF7 /* Release */,
			);
			defaultConfigurationIsVisible = 0;
			defaultConfigurationName = Release;
		};
		084FA6E41EC1C76C00208CF7 /* Build configuration list for PBXNativeTarget "MovieNight" */ = {
			isa = XCConfigurationList;
			buildConfigurations = (
				084FA6E51EC1C76C00208CF7 /* Debug */,
				084FA6E61EC1C76C00208CF7 /* Release */,
			);
			defaultConfigurationIsVisible = 0;
			defaultConfigurationName = Release;
		};
/* End XCConfigurationList section */
	};
	rootObject = 084FA6CA1EC1C76C00208CF7 /* Project object */;
}
